
Microsoft Visual Studio Solution File, Format Version 12.00
# Visual Studio Version 17
VisualStudioVersion = 17.11.35312.102
MinimumVisualStudioVersion = 10.0.40219.1
Project("{FAE04EC0-301F-11D3-BF4B-00C04F79EFBC}") = "SalesWebMvc", "SalesWebMvc\SalesWebMvc.csproj", "{B0E58789-0FB4-495B-BD2C-B8CAD939B99A}"
EndProject
Global
	GlobalSection(SolutionConfigurationPlatforms) = preSolution
		Debug|Any CPU = Debug|Any CPU
		Release|Any CPU = Release|Any CPU
	EndGlobalSection
	GlobalSection(ProjectConfigurationPlatforms) = postSolution
		{B0E58789-0FB4-495B-BD2C-B8CAD939B99A}.Debug|Any CPU.ActiveCfg = Debug|Any CPU
		{B0E58789-0FB4-495B-BD2C-B8CAD939B99A}.Debug|Any CPU.Build.0 = Debug|Any CPU
		{B0E58789-0FB4-495B-BD2C-B8CAD939B99A}.Release|Any CPU.ActiveCfg = Release|Any CPU
		{B0E58789-0FB4-495B-BD2C-B8CAD939B99A}.Release|Any CPU.Build.0 = Release|Any CPU
	EndGlobalSection
	GlobalSection(SolutionProperties) = preSolution
		HideSolutionNode = FALSE
	EndGlobalSection
	GlobalSection(ExtensibilityGlobals) = postSolution
		SolutionGuid = {4D3ED602-1494-432E-A2D4-650F853EDDE3}
	EndGlobalSection
EndGlobal
